
Microsoft Visual Studio Solution File, Format Version 12.00
# Visual Studio Version 17
VisualStudioVersion = 17.11.35303.130
MinimumVisualStudioVersion = 10.0.40219.1
Project("{9A19103F-16F7-4668-BE54-9A1E7A4F7556}") = "RJVTD2_HSZF_2024251.Console", "RJVTD2_HSZF_2024251.Console\RJVTD2_HSZF_2024251.Console.csproj", "{40B71C81-79C1-4077-8188-5BB632FBABD0}"
EndProject
Project("{FAE04EC0-301F-11D3-BF4B-00C04F79EFBC}") = "RJVTD2_HSZF_2024251.Application", "RJVTD2_HSZF_2024251.Application\RJVTD2_HSZF_2024251.Application.csproj", "{B34FD7AF-E105-432D-8DE6-3CF5DB554CE7}"
EndProject
Project("{FAE04EC0-301F-11D3-BF4B-00C04F79EFBC}") = "RJVTD2_HSZF_2024251.Model", "RJVTD2_HSZF_2024251.Model\RJVTD2_HSZF_2024251.Model.csproj", "{EFE34195-BC5E-4DBB-92C1-223775882FA8}"
EndProject
Project("{FAE04EC0-301F-11D3-BF4B-00C04F79EFBC}") = "RJVTD2_HSZF_2024251.Persistence.MsSql", "RJVTD2_HSZF_2024251.Persistence.MsSql\RJVTD2_HSZF_2024251.Persistence.MsSql.csproj", "{F599A7B8-F703-404B-9323-8EED3C3C0CFB}"
EndProject
Project("{FAE04EC0-301F-11D3-BF4B-00C04F79EFBC}") = "RJVTD2_HSZF_2024251.Test", "RJVTD2_HSZF_2024251.Test\RJVTD2_HSZF_2024251.Test.csproj", "{4FAB6787-2EAA-4252-99E5-7555CDCD0593}"
EndProject
Project("{2150E333-8FDC-42A3-9474-1A3956D46DE8}") = "Application", "Application", "{A32A6D10-1DA2-46C8-B042-C88B2454431E}"
EndProject
Project("{2150E333-8FDC-42A3-9474-1A3956D46DE8}") = "Domain", "Domain", "{29D2FC43-4F15-4628-A6C8-C993F0982F26}"
EndProject
Project("{2150E333-8FDC-42A3-9474-1A3956D46DE8}") = "Infrastructure", "Infrastructure", "{9794087B-CB59-471C-90E3-C7D397A986DB}"
EndProject
Project("{2150E333-8FDC-42A3-9474-1A3956D46DE8}") = "Presentation", "Presentation", "{E1356F13-1EC2-4406-975B-39783E63C893}"
EndProject
Project("{2150E333-8FDC-42A3-9474-1A3956D46DE8}") = "Tests", "Tests", "{01A4FDD8-2584-4AB5-9C71-0DA39E2F5360}"
EndProject
Global
	GlobalSection(SolutionConfigurationPlatforms) = preSolution
		Debug|Any CPU = Debug|Any CPU
		Release|Any CPU = Release|Any CPU
	EndGlobalSection
	GlobalSection(ProjectConfigurationPlatforms) = postSolution
		{40B71C81-79C1-4077-8188-5BB632FBABD0}.Debug|Any CPU.ActiveCfg = Debug|Any CPU
		{40B71C81-79C1-4077-8188-5BB632FBABD0}.Debug|Any CPU.Build.0 = Debug|Any CPU
		{40B71C81-79C1-4077-8188-5BB632FBABD0}.Release|Any CPU.ActiveCfg = Release|Any CPU
		{40B71C81-79C1-4077-8188-5BB632FBABD0}.Release|Any CPU.Build.0 = Release|Any CPU
		{B34FD7AF-E105-432D-8DE6-3CF5DB554CE7}.Debug|Any CPU.ActiveCfg = Debug|Any CPU
		{B34FD7AF-E105-432D-8DE6-3CF5DB554CE7}.Debug|Any CPU.Build.0 = Debug|Any CPU
		{B34FD7AF-E105-432D-8DE6-3CF5DB554CE7}.Release|Any CPU.ActiveCfg = Release|Any CPU
		{B34FD7AF-E105-432D-8DE6-3CF5DB554CE7}.Release|Any CPU.Build.0 = Release|Any CPU
		{EFE34195-BC5E-4DBB-92C1-223775882FA8}.Debug|Any CPU.ActiveCfg = Debug|Any CPU
		{EFE34195-BC5E-4DBB-92C1-223775882FA8}.Debug|Any CPU.Build.0 = Debug|Any CPU
		{EFE34195-BC5E-4DBB-92C1-223775882FA8}.Release|Any CPU.ActiveCfg = Release|Any CPU
		{EFE34195-BC5E-4DBB-92C1-223775882FA8}.Release|Any CPU.Build.0 = Release|Any CPU
		{F599A7B8-F703-404B-9323-8EED3C3C0CFB}.Debug|Any CPU.ActiveCfg = Debug|Any CPU
		{F599A7B8-F703-404B-9323-8EED3C3C0CFB}.Debug|Any CPU.Build.0 = Debug|Any CPU
		{F599A7B8-F703-404B-9323-8EED3C3C0CFB}.Release|Any CPU.ActiveCfg = Release|Any CPU
		{F599A7B8-F703-404B-9323-8EED3C3C0CFB}.Release|Any CPU.Build.0 = Release|Any CPU
		{4FAB6787-2EAA-4252-99E5-7555CDCD0593}.Debug|Any CPU.ActiveCfg = Debug|Any CPU
		{4FAB6787-2EAA-4252-99E5-7555CDCD0593}.Debug|Any CPU.Build.0 = Debug|Any CPU
		{4FAB6787-2EAA-4252-99E5-7555CDCD0593}.Release|Any CPU.ActiveCfg = Release|Any CPU
		{4FAB6787-2EAA-4252-99E5-7555CDCD0593}.Release|Any CPU.Build.0 = Release|Any CPU
	EndGlobalSection
	GlobalSection(SolutionProperties) = preSolution
		HideSolutionNode = FALSE
	EndGlobalSection
	GlobalSection(NestedProjects) = preSolution
		{40B71C81-79C1-4077-8188-5BB632FBABD0} = {E1356F13-1EC2-4406-975B-39783E63C893}
		{B34FD7AF-E105-432D-8DE6-3CF5DB554CE7} = {A32A6D10-1DA2-46C8-B042-C88B2454431E}
		{EFE34195-BC5E-4DBB-92C1-223775882FA8} = {29D2FC43-4F15-4628-A6C8-C993F0982F26}
		{F599A7B8-F703-404B-9323-8EED3C3C0CFB} = {9794087B-CB59-471C-90E3-C7D397A986DB}
		{4FAB6787-2EAA-4252-99E5-7555CDCD0593} = {01A4FDD8-2584-4AB5-9C71-0DA39E2F5360}
	EndGlobalSection
	GlobalSection(ExtensibilityGlobals) = postSolution
		SolutionGuid = {DB3B9E91-CB0A-45C0-976E-A30E25F837B9}
	EndGlobalSection
EndGlobal
